
Microsoft Visual Studio Solution File, Format Version 12.00
# Visual Studio 15
VisualStudioVersion = 15.0.26430.16
MinimumVisualStudioVersion = 10.0.40219.1
Project("{FAE04EC0-301F-11D3-BF4B-00C04F79EFBC}") = "StackOverflow", "StackOverflow\StackOverflow.csproj", "{121DF26D-35FD-4BD8-8D97-B45B749363EF}"
EndProject
Project("{FAE04EC0-301F-11D3-BF4B-00C04F79EFBC}") = "DAL", "DAL\DAL.csproj", "{FF0383CE-E325-49E0-8F36-97A035AC9728}"
EndProject
Project("{FAE04EC0-301F-11D3-BF4B-00C04F79EFBC}") = "Business", "Business\Business.csproj", "{77581A0A-29D2-47DF-BBED-FFE201E7ABD4}"
EndProject
Project("{FAE04EC0-301F-11D3-BF4B-00C04F79EFBC}") = "Models", "Models\Models.csproj", "{DD7F103F-B648-4F9B-9BD2-715C02DF12AA}"
EndProject
Project("{FAE04EC0-301F-11D3-BF4B-00C04F79EFBC}") = "StackOverflowTest", "StackOverflowTest\StackOverflowTest.csproj", "{DF431D4B-B133-4AC0-BD58-5097845D164F}"
EndProject
Project("{FAE04EC0-301F-11D3-BF4B-00C04F79EFBC}") = "WcfService", "WcfService\WcfService.csproj", "{37EBDF70-E694-475C-B558-4878575A9BAF}"
	ProjectSection(ProjectDependencies) = postProject
		{FF0383CE-E325-49E0-8F36-97A035AC9728} = {FF0383CE-E325-49E0-8F36-97A035AC9728}
	EndProjectSection
EndProject
Project("{FAE04EC0-301F-11D3-BF4B-00C04F79EFBC}") = "HostApp", "HostApp\HostApp.csproj", "{C5C11425-C0D8-4DD9-9670-1D8BB708A2DE}"
EndProject
Project("{2150E333-8FDC-42A3-9474-1A3956D46DE8}") = "Solution Items", "Solution Items", "{E6076365-4A59-4582-BA42-269811D8E129}"
	ProjectSection(SolutionItems) = preProject
		README.txt = README.txt
	EndProjectSection
EndProject
Global
	GlobalSection(SolutionConfigurationPlatforms) = preSolution
		Debug|Any CPU = Debug|Any CPU
		Debug|x64 = Debug|x64
		Release|Any CPU = Release|Any CPU
		Release|x64 = Release|x64
	EndGlobalSection
	GlobalSection(ProjectConfigurationPlatforms) = postSolution
		{121DF26D-35FD-4BD8-8D97-B45B749363EF}.Debug|Any CPU.ActiveCfg = Debug|Any CPU
		{121DF26D-35FD-4BD8-8D97-B45B749363EF}.Debug|Any CPU.Build.0 = Debug|Any CPU
		{121DF26D-35FD-4BD8-8D97-B45B749363EF}.Debug|x64.ActiveCfg = Debug|x64
		{121DF26D-35FD-4BD8-8D97-B45B749363EF}.Debug|x64.Build.0 = Debug|x64
		{121DF26D-35FD-4BD8-8D97-B45B749363EF}.Release|Any CPU.ActiveCfg = Release|Any CPU
		{121DF26D-35FD-4BD8-8D97-B45B749363EF}.Release|Any CPU.Build.0 = Release|Any CPU
		{121DF26D-35FD-4BD8-8D97-B45B749363EF}.Release|x64.ActiveCfg = Release|x64
		{121DF26D-35FD-4BD8-8D97-B45B749363EF}.Release|x64.Build.0 = Release|x64
		{FF0383CE-E325-49E0-8F36-97A035AC9728}.Debug|Any CPU.ActiveCfg = Debug|Any CPU
		{FF0383CE-E325-49E0-8F36-97A035AC9728}.Debug|Any CPU.Build.0 = Debug|Any CPU
		{FF0383CE-E325-49E0-8F36-97A035AC9728}.Debug|x64.ActiveCfg = Debug|x64
		{FF0383CE-E325-49E0-8F36-97A035AC9728}.Debug|x64.Build.0 = Debug|x64
		{FF0383CE-E325-49E0-8F36-97A035AC9728}.Release|Any CPU.ActiveCfg = Release|Any CPU
		{FF0383CE-E325-49E0-8F36-97A035AC9728}.Release|Any CPU.Build.0 = Release|Any CPU
		{FF0383CE-E325-49E0-8F36-97A035AC9728}.Release|x64.ActiveCfg = Release|x64
		{FF0383CE-E325-49E0-8F36-97A035AC9728}.Release|x64.Build.0 = Release|x64
		{77581A0A-29D2-47DF-BBED-FFE201E7ABD4}.Debug|Any CPU.ActiveCfg = Debug|Any CPU
		{77581A0A-29D2-47DF-BBED-FFE201E7ABD4}.Debug|Any CPU.Build.0 = Debug|Any CPU
		{77581A0A-29D2-47DF-BBED-FFE201E7ABD4}.Debug|x64.ActiveCfg = Debug|x64
		{77581A0A-29D2-47DF-BBED-FFE201E7ABD4}.Debug|x64.Build.0 = Debug|x64
		{77581A0A-29D2-47DF-BBED-FFE201E7ABD4}.Release|Any CPU.ActiveCfg = Release|Any CPU
		{77581A0A-29D2-47DF-BBED-FFE201E7ABD4}.Release|Any CPU.Build.0 = Release|Any CPU
		{77581A0A-29D2-47DF-BBED-FFE201E7ABD4}.Release|x64.ActiveCfg = Release|x64
		{77581A0A-29D2-47DF-BBED-FFE201E7ABD4}.Release|x64.Build.0 = Release|x64
		{DD7F103F-B648-4F9B-9BD2-715C02DF12AA}.Debug|Any CPU.ActiveCfg = Debug|Any CPU
		{DD7F103F-B648-4F9B-9BD2-715C02DF12AA}.Debug|Any CPU.Build.0 = Debug|Any CPU
		{DD7F103F-B648-4F9B-9BD2-715C02DF12AA}.Debug|x64.ActiveCfg = Debug|x64
		{DD7F103F-B648-4F9B-9BD2-715C02DF12AA}.Debug|x64.Build.0 = Debug|x64
		{DD7F103F-B648-4F9B-9BD2-715C02DF12AA}.Release|Any CPU.ActiveCfg = Release|Any CPU
		{DD7F103F-B648-4F9B-9BD2-715C02DF12AA}.Release|Any CPU.Build.0 = Release|Any CPU
		{DD7F103F-B648-4F9B-9BD2-715C02DF12AA}.Release|x64.ActiveCfg = Release|x64
		{DD7F103F-B648-4F9B-9BD2-715C02DF12AA}.Release|x64.Build.0 = Release|x64
		{DF431D4B-B133-4AC0-BD58-5097845D164F}.Debug|Any CPU.ActiveCfg = Debug|Any CPU
		{DF431D4B-B133-4AC0-BD58-5097845D164F}.Debug|Any CPU.Build.0 = Debug|Any CPU
		{DF431D4B-B133-4AC0-BD58-5097845D164F}.Debug|x64.ActiveCfg = Debug|x64
		{DF431D4B-B133-4AC0-BD58-5097845D164F}.Debug|x64.Build.0 = Debug|x64
		{DF431D4B-B133-4AC0-BD58-5097845D164F}.Release|Any CPU.ActiveCfg = Release|Any CPU
		{DF431D4B-B133-4AC0-BD58-5097845D164F}.Release|Any CPU.Build.0 = Release|Any CPU
		{DF431D4B-B133-4AC0-BD58-5097845D164F}.Release|x64.ActiveCfg = Release|x64
		{DF431D4B-B133-4AC0-BD58-5097845D164F}.Release|x64.Build.0 = Release|x64
		{37EBDF70-E694-475C-B558-4878575A9BAF}.Debug|Any CPU.ActiveCfg = Debug|Any CPU
		{37EBDF70-E694-475C-B558-4878575A9BAF}.Debug|Any CPU.Build.0 = Debug|Any CPU
		{37EBDF70-E694-475C-B558-4878575A9BAF}.Debug|x64.ActiveCfg = Debug|x64
		{37EBDF70-E694-475C-B558-4878575A9BAF}.Debug|x64.Build.0 = Debug|x64
		{37EBDF70-E694-475C-B558-4878575A9BAF}.Release|Any CPU.ActiveCfg = Release|Any CPU
		{37EBDF70-E694-475C-B558-4878575A9BAF}.Release|Any CPU.Build.0 = Release|Any CPU
		{37EBDF70-E694-475C-B558-4878575A9BAF}.Release|x64.ActiveCfg = Release|x64
		{37EBDF70-E694-475C-B558-4878575A9BAF}.Release|x64.Build.0 = Release|x64
		{C5C11425-C0D8-4DD9-9670-1D8BB708A2DE}.Debug|Any CPU.ActiveCfg = Debug|Any CPU
		{C5C11425-C0D8-4DD9-9670-1D8BB708A2DE}.Debug|Any CPU.Build.0 = Debug|Any CPU
		{C5C11425-C0D8-4DD9-9670-1D8BB708A2DE}.Debug|x64.ActiveCfg = Debug|x64
		{C5C11425-C0D8-4DD9-9670-1D8BB708A2DE}.Debug|x64.Build.0 = Debug|x64
		{C5C11425-C0D8-4DD9-9670-1D8BB708A2DE}.Release|Any CPU.ActiveCfg = Release|Any CPU
		{C5C11425-C0D8-4DD9-9670-1D8BB708A2DE}.Release|Any CPU.Build.0 = Release|Any CPU
		{C5C11425-C0D8-4DD9-9670-1D8BB708A2DE}.Release|x64.ActiveCfg = Release|x64
		{C5C11425-C0D8-4DD9-9670-1D8BB708A2DE}.Release|x64.Build.0 = Release|x64
	EndGlobalSection
	GlobalSection(SolutionProperties) = preSolution
		HideSolutionNode = FALSE
	EndGlobalSection
EndGlobal
